
Microsoft Visual Studio Solution File, Format Version 12.00
# Visual Studio Version 16
VisualStudioVersion = 16.0.29613.14
MinimumVisualStudioVersion = 10.0.40219.1
Project("{FAE04EC0-301F-11D3-BF4B-00C04F79EFBC}") = "Memely", "Memely\Memely.csproj", "{1AC8C57E-A502-4D70-9419-4F12AF679AD8}"
EndProject
Global
	GlobalSection(SolutionConfigurationPlatforms) = preSolution
		Debug|Any CPU = Debug|Any CPU
		Release|Any CPU = Release|Any CPU
	EndGlobalSection
	GlobalSection(ProjectConfigurationPlatforms) = postSolution
		{1AC8C57E-A502-4D70-9419-4F12AF679AD8}.Debug|Any CPU.ActiveCfg = Debug|Any CPU
		{1AC8C57E-A502-4D70-9419-4F12AF679AD8}.Debug|Any CPU.Build.0 = Debug|Any CPU
		{1AC8C57E-A502-4D70-9419-4F12AF679AD8}.Release|Any CPU.ActiveCfg = Release|Any CPU
		{1AC8C57E-A502-4D70-9419-4F12AF679AD8}.Release|Any CPU.Build.0 = Release|Any CPU
	EndGlobalSection
	GlobalSection(SolutionProperties) = preSolution
		HideSolutionNode = FALSE
	EndGlobalSection
	GlobalSection(ExtensibilityGlobals) = postSolution
		SolutionGuid = {65BDBA73-8434-421A-818D-0B3E296967C1}
	EndGlobalSection
EndGlobal
